// !$*UTF8*$!
{
	archiveVersion = 1;
	classes = {
	};
	objectVersion = 50;
	objects = {

/* Begin PBXBuildFile section */
		8422FBF4266B5815008C8D9B /* ToDoListAppApp.swift in Sources */ = {isa = PBXBuildFile; fileRef = 8422FBF3266B5815008C8D9B /* ToDoListAppApp.swift */; };
		8422FBF8266B5816008C8D9B /* Assets.xcassets in Resources */ = {isa = PBXBuildFile; fileRef = 8422FBF7266B5816008C8D9B /* Assets.xcassets */; };
		8422FBFB266B5816008C8D9B /* Preview Assets.xcassets in Resources */ = {isa = PBXBuildFile; fileRef = 8422FBFA266B5816008C8D9B /* Preview Assets.xcassets */; };
		8422FC06266B5817008C8D9B /* ToDoListAppTests.swift in Sources */ = {isa = PBXBuildFile; fileRef = 8422FC05266B5817008C8D9B /* ToDoListAppTests.swift */; };
		8422FC11266B5817008C8D9B /* ToDoListAppUITests.swift in Sources */ = {isa = PBXBuildFile; fileRef = 8422FC10266B5817008C8D9B /* ToDoListAppUITests.swift */; };
		8422FC20266B5896008C8D9B /* ListView.swift in Sources */ = {isa = PBXBuildFile; fileRef = 8422FC1F266B5896008C8D9B /* ListView.swift */; };
		8422FC22266B59E0008C8D9B /* ListRowView.swift in Sources */ = {isa = PBXBuildFile; fileRef = 8422FC21266B59E0008C8D9B /* ListRowView.swift */; };
		8422FC24266B6325008C8D9B /* addView.swift in Sources */ = {isa = PBXBuildFile; fileRef = 8422FC23266B6325008C8D9B /* addView.swift */; };
		8422FC27266B6938008C8D9B /* itemModel.swift in Sources */ = {isa = PBXBuildFile; fileRef = 8422FC26266B6938008C8D9B /* itemModel.swift */; };
		8422FC2A266B73F4008C8D9B /* ListViewModel.swift in Sources */ = {isa = PBXBuildFile; fileRef = 8422FC29266B73F4008C8D9B /* ListViewModel.swift */; };
		8439D74C266BD48F00C23F2B /* NoItemsView.swift in Sources */ = {isa = PBXBuildFile; fileRef = 8439D74B266BD48F00C23F2B /* NoItemsView.swift */; };
/* End PBXBuildFile section */

/* Begin PBXContainerItemProxy section */
		8422FC02266B5817008C8D9B /* PBXContainerItemProxy */ = {
			isa = PBXContainerItemProxy;
			containerPortal = 8422FBE8266B5815008C8D9B /* Project object */;
			proxyType = 1;
			remoteGlobalIDString = 8422FBEF266B5815008C8D9B;
			remoteInfo = ToDoListApp;
		};
		8422FC0D266B5817008C8D9B /* PBXContainerItemProxy */ = {
			isa = PBXContainerItemProxy;
			containerPortal = 8422FBE8266B5815008C8D9B /* Project object */;
			proxyType = 1;
			remoteGlobalIDString = 8422FBEF266B5815008C8D9B;
			remoteInfo = ToDoListApp;
		};
/* End PBXContainerItemProxy section */

/* Begin PBXFileReference section */
		8422FBF0266B5815008C8D9B /* ToDoListApp.app */ = {isa = PBXFileReference; explicitFileType = wrapper.application; includeInIndex = 0; path = ToDoListApp.app; sourceTree = BUILT_PRODUCTS_DIR; };
		8422FBF3266B5815008C8D9B /* ToDoListAppApp.swift */ = {isa = PBXFileReference; lastKnownFileType = sourcecode.swift; path = ToDoListAppApp.swift; sourceTree = "<group>"; };
		8422FBF7266B5816008C8D9B /* Assets.xcassets */ = {isa = PBXFileReference; lastKnownFileType = folder.assetcatalog; path = Assets.xcassets; sourceTree = "<group>"; };
		8422FBFA266B5816008C8D9B /* Preview Assets.xcassets */ = {isa = PBXFileReference; lastKnownFileType = folder.assetcatalog; path = "Preview Assets.xcassets"; sourceTree = "<group>"; };
		8422FBFC266B5816008C8D9B /* Info.plist */ = {isa = PBXFileReference; lastKnownFileType = text.plist.xml; path = Info.plist; sourceTree = "<group>"; };
		8422FC01266B5817008C8D9B /* ToDoListAppTests.xctest */ = {isa = PBXFileReference; explicitFileType = wrapper.cfbundle; includeInIndex = 0; path = ToDoListAppTests.xctest; sourceTree = BUILT_PRODUCTS_DIR; };
		8422FC05266B5817008C8D9B /* ToDoListAppTests.swift */ = {isa = PBXFileReference; lastKnownFileType = sourcecode.swift; path = ToDoListAppTests.swift; sourceTree = "<group>"; };
		8422FC07266B5817008C8D9B /* Info.plist */ = {isa = PBXFileReference; lastKnownFileType = text.plist.xml; path = Info.plist; sourceTree = "<group>"; };
		8422FC0C266B5817008C8D9B /* ToDoListAppUITests.xctest */ = {isa = PBXFileReference; explicitFileType = wrapper.cfbundle; includeInIndex = 0; path = ToDoListAppUITests.xctest; sourceTree = BUILT_PRODUCTS_DIR; };
		8422FC10266B5817008C8D9B /* ToDoListAppUITests.swift */ = {isa = PBXFileReference; lastKnownFileType = sourcecode.swift; path = ToDoListAppUITests.swift; sourceTree = "<group>"; };
		8422FC12266B5817008C8D9B /* Info.plist */ = {isa = PBXFileReference; lastKnownFileType = text.plist.xml; path = Info.plist; sourceTree = "<group>"; };
		8422FC1F266B5896008C8D9B /* ListView.swift */ = {isa = PBXFileReference; lastKnownFileType = sourcecode.swift; path = ListView.swift; sourceTree = "<group>"; };
		8422FC21266B59E0008C8D9B /* ListRowView.swift */ = {isa = PBXFileReference; lastKnownFileType = sourcecode.swift; path = ListRowView.swift; sourceTree = "<group>"; };
		8422FC23266B6325008C8D9B /* addView.swift */ = {isa = PBXFileReference; lastKnownFileType = sourcecode.swift; path = addView.swift; sourceTree = "<group>"; };
		8422FC26266B6938008C8D9B /* itemModel.swift */ = {isa = PBXFileReference; lastKnownFileType = sourcecode.swift; path = itemModel.swift; sourceTree = "<group>"; };
		8422FC29266B73F4008C8D9B /* ListViewModel.swift */ = {isa = PBXFileReference; lastKnownFileType = sourcecode.swift; path = ListViewModel.swift; sourceTree = "<group>"; };
		8439D74B266BD48F00C23F2B /* NoItemsView.swift */ = {isa = PBXFileReference; lastKnownFileType = sourcecode.swift; path = NoItemsView.swift; sourceTree = "<group>"; };
/* End PBXFileReference section */

/* Begin PBXFrameworksBuildPhase section */
		8422FBED266B5815008C8D9B /* Frameworks */ = {
			isa = PBXFrameworksBuildPhase;
			buildActionMask = 2147483647;
			files = (
			);
			runOnlyForDeploymentPostprocessing = 0;
		};
		8422FBFE266B5817008C8D9B /* Frameworks */ = {
			isa = PBXFrameworksBuildPhase;
			buildActionMask = 2147483647;
			files = (
			);
			runOnlyForDeploymentPostprocessing = 0;
		};
		8422FC09266B5817008C8D9B /* Frameworks */ = {
			isa = PBXFrameworksBuildPhase;
			buildActionMask = 2147483647;
			files = (
			);
			runOnlyForDeploymentPostprocessing = 0;
		};
/* End PBXFrameworksBuildPhase section */

/* Begin PBXGroup section */
		8422FBE7266B5815008C8D9B = {
			isa = PBXGroup;
			children = (
				8422FBF2266B5815008C8D9B /* ToDoListApp */,
				8422FC04266B5817008C8D9B /* ToDoListAppTests */,
				8422FC0F266B5817008C8D9B /* ToDoListAppUITests */,
				8422FBF1266B5815008C8D9B /* Products */,
			);
			sourceTree = "<group>";
		};
		8422FBF1266B5815008C8D9B /* Products */ = {
			isa = PBXGroup;
			children = (
				8422FBF0266B5815008C8D9B /* ToDoListApp.app */,
				8422FC01266B5817008C8D9B /* ToDoListAppTests.xctest */,
				8422FC0C266B5817008C8D9B /* ToDoListAppUITests.xctest */,
			);
			name = Products;
			sourceTree = "<group>";
		};
		8422FBF2266B5815008C8D9B /* ToDoListApp */ = {
			isa = PBXGroup;
			children = (
				8422FC28266B73CE008C8D9B /* ViewModels */,
				8422FC25266B6928008C8D9B /* Models */,
				8422FC1E266B5883008C8D9B /* Views */,
				8422FBF3266B5815008C8D9B /* ToDoListAppApp.swift */,
				8422FBF7266B5816008C8D9B /* Assets.xcassets */,
				8422FBFC266B5816008C8D9B /* Info.plist */,
				8422FBF9266B5816008C8D9B /* Preview Content */,
			);
			path = ToDoListApp;
			sourceTree = "<group>";
		};
		8422FBF9266B5816008C8D9B /* Preview Content */ = {
			isa = PBXGroup;
			children = (
				8422FBFA266B5816008C8D9B /* Preview Assets.xcassets */,
			);
			path = "Preview Content";
			sourceTree = "<group>";
		};
		8422FC04266B5817008C8D9B /* ToDoListAppTests */ = {
			isa = PBXGroup;
			children = (
				8422FC05266B5817008C8D9B /* ToDoListAppTests.swift */,
				8422FC07266B5817008C8D9B /* Info.plist */,
			);
			path = ToDoListAppTests;
			sourceTree = "<group>";
		};
		8422FC0F266B5817008C8D9B /* ToDoListAppUITests */ = {
			isa = PBXGroup;
			children = (
				8422FC10266B5817008C8D9B /* ToDoListAppUITests.swift */,
				8422FC12266B5817008C8D9B /* Info.plist */,
			);
			path = ToDoListAppUITests;
			sourceTree = "<group>";
		};
		8422FC1E266B5883008C8D9B /* Views */ = {
			isa = PBXGroup;
			children = (
				8422FC1F266B5896008C8D9B /* ListView.swift */,
				8422FC21266B59E0008C8D9B /* ListRowView.swift */,
				8422FC23266B6325008C8D9B /* addView.swift */,
				8439D74B266BD48F00C23F2B /* NoItemsView.swift */,
			);
			path = Views;
			sourceTree = "<group>";
		};
		8422FC25266B6928008C8D9B /* Models */ = {
			isa = PBXGroup;
			children = (
				8422FC26266B6938008C8D9B /* itemModel.swift */,
			);
			path = Models;
			sourceTree = "<group>";
		};
		8422FC28266B73CE008C8D9B /* ViewModels */ = {
			isa = PBXGroup;
			children = (
				8422FC29266B73F4008C8D9B /* ListViewModel.swift */,
			);
			path = ViewModels;
			sourceTree = "<group>";
		};
/* End PBXGroup section */

/* Begin PBXNativeTarget section */
		8422FBEF266B5815008C8D9B /* ToDoListApp */ = {
			isa = PBXNativeTarget;
			buildConfigurationList = 8422FC15266B5817008C8D9B /* Build configuration list for PBXNativeTarget "ToDoListApp" */;
			buildPhases = (
				8422FBEC266B5815008C8D9B /* Sources */,
				8422FBED266B5815008C8D9B /* Frameworks */,
				8422FBEE266B5815008C8D9B /* Resources */,
			);
			buildRules = (
			);
			dependencies = (
			);
			name = ToDoListApp;
			productName = ToDoListApp;
			productReference = 8422FBF0266B5815008C8D9B /* ToDoListApp.app */;
			productType = "com.apple.product-type.application";
		};
		8422FC00266B5817008C8D9B /* ToDoListAppTests */ = {
			isa = PBXNativeTarget;
			buildConfigurationList = 8422FC18266B5817008C8D9B /* Build configuration list for PBXNativeTarget "ToDoListAppTests" */;
			buildPhases = (
				8422FBFD266B5817008C8D9B /* Sources */,
				8422FBFE266B5817008C8D9B /* Frameworks */,
				8422FBFF266B5817008C8D9B /* Resources */,
			);
			buildRules = (
			);
			dependencies = (
				8422FC03266B5817008C8D9B /* PBXTargetDependency */,
			);
			name = ToDoListAppTests;
			productName = ToDoListAppTests;
			productReference = 8422FC01266B5817008C8D9B /* ToDoListAppTests.xctest */;
			productType = "com.apple.product-type.bundle.unit-test";
		};
		8422FC0B266B5817008C8D9B /* ToDoListAppUITests */ = {
			isa = PBXNativeTarget;
			buildConfigurationList = 8422FC1B266B5817008C8D9B /* Build configuration list for PBXNativeTarget "ToDoListAppUITests" */;
			buildPhases = (
				8422FC08266B5817008C8D9B /* Sources */,
				8422FC09266B5817008C8D9B /* Frameworks */,
				8422FC0A266B5817008C8D9B /* Resources */,
			);
			buildRules = (
			);
			dependencies = (
				8422FC0E266B5817008C8D9B /* PBXTargetDependency */,
			);
			name = ToDoListAppUITests;
			productName = ToDoListAppUITests;
			productReference = 8422FC0C266B5817008C8D9B /* ToDoListAppUITests.xctest */;
			productType = "com.apple.product-type.bundle.ui-testing";
		};
/* End PBXNativeTarget section */

/* Begin PBXProject section */
		8422FBE8266B5815008C8D9B /* Project object */ = {
			isa = PBXProject;
			attributes = {
				LastSwiftUpdateCheck = 1250;
				LastUpgradeCheck = 1250;
				TargetAttributes = {
					8422FBEF266B5815008C8D9B = {
						CreatedOnToolsVersion = 12.5;
					};
					8422FC00266B5817008C8D9B = {
						CreatedOnToolsVersion = 12.5;
						TestTargetID = 8422FBEF266B5815008C8D9B;
					};
					8422FC0B266B5817008C8D9B = {
						CreatedOnToolsVersion = 12.5;
						TestTargetID = 8422FBEF266B5815008C8D9B;
					};
				};
			};
			buildConfigurationList = 8422FBEB266B5815008C8D9B /* Build configuration list for PBXProject "ToDoListApp" */;
			compatibilityVersion = "Xcode 9.3";
			developmentRegion = en;
			hasScannedForEncodings = 0;
			knownRegions = (
				en,
				Base,
			);
			mainGroup = 8422FBE7266B5815008C8D9B;
			productRefGroup = 8422FBF1266B5815008C8D9B /* Products */;
			projectDirPath = "";
			projectRoot = "";
			targets = (
				8422FBEF266B5815008C8D9B /* ToDoListApp */,
				8422FC00266B5817008C8D9B /* ToDoListAppTests */,
				8422FC0B266B5817008C8D9B /* ToDoListAppUITests */,
			);
		};
/* End PBXProject section */

/* Begin PBXResourcesBuildPhase section */
		8422FBEE266B5815008C8D9B /* Resources */ = {
			isa = PBXResourcesBuildPhase;
			buildActionMask = 2147483647;
			files = (
				8422FBFB266B5816008C8D9B /* Preview Assets.xcassets in Resources */,
				8422FBF8266B5816008C8D9B /* Assets.xcassets in Resources */,
			);
			runOnlyForDeploymentPostprocessing = 0;
		};
		8422FBFF266B5817008C8D9B /* Resources */ = {
			isa = PBXResourcesBuildPhase;
			buildActionMask = 2147483647;
			files = (
			);
			runOnlyForDeploymentPostprocessing = 0;
		};
		8422FC0A266B5817008C8D9B /* Resources */ = {
			isa = PBXResourcesBuildPhase;
			buildActionMask = 2147483647;
			files = (
			);
			runOnlyForDeploymentPostprocessing = 0;
		};
/* End PBXResourcesBuildPhase section */

/* Begin PBXSourcesBuildPhase section */
		8422FBEC266B5815008C8D9B /* Sources */ = {
			isa = PBXSourcesBuildPhase;
			buildActionMask = 2147483647;
			files = (
				8422FC24266B6325008C8D9B /* addView.swift in Sources */,
				8422FBF4266B5815008C8D9B /* ToDoListAppApp.swift in Sources */,
				8422FC2A266B73F4008C8D9B /* ListViewModel.swift in Sources */,
				8422FC20266B5896008C8D9B /* ListView.swift in Sources */,
				8422FC27266B6938008C8D9B /* itemModel.swift in Sources */,
				8439D74C266BD48F00C23F2B /* NoItemsView.swift in Sources */,
				8422FC22266B59E0008C8D9B /* ListRowView.swift in Sources */,
			);
			runOnlyForDeploymentPostprocessing = 0;
		};
		8422FBFD266B5817008C8D9B /* Sources */ = {
			isa = PBXSourcesBuildPhase;
			buildActionMask = 2147483647;
			files = (
				8422FC06266B5817008C8D9B /* ToDoListAppTests.swift in Sources */,
			);
			runOnlyForDeploymentPostprocessing = 0;
		};
		8422FC08266B5817008C8D9B /* Sources */ = {
			isa = PBXSourcesBuildPhase;
			buildActionMask = 2147483647;
			files = (
				8422FC11266B5817008C8D9B /* ToDoListAppUITests.swift in Sources */,
			);
			runOnlyForDeploymentPostprocessing = 0;
		};
/* End PBXSourcesBuildPhase section */

/* Begin PBXTargetDependency section */
		8422FC03266B5817008C8D9B /* PBXTargetDependency */ = {
			isa = PBXTargetDependency;
			target = 8422FBEF266B5815008C8D9B /* ToDoListApp */;
			targetProxy = 8422FC02266B5817008C8D9B /* PBXContainerItemProxy */;
		};
		8422FC0E266B5817008C8D9B /* PBXTargetDependency */ = {
			isa = PBXTargetDependency;
			target = 8422FBEF266B5815008C8D9B /* ToDoListApp */;
			targetProxy = 8422FC0D266B5817008C8D9B /* PBXContainerItemProxy */;
		};
/* End PBXTargetDependency section */

/* Begin XCBuildConfiguration section */
		8422FC13266B5817008C8D9B /* Debug */ = {
			isa = XCBuildConfiguration;
			buildSettings = {
				ALWAYS_SEARCH_USER_PATHS = NO;
				CLANG_ANALYZER_NONNULL = YES;
				CLANG_ANALYZER_NUMBER_OBJECT_CONVERSION = YES_AGGRESSIVE;
				CLANG_CXX_LANGUAGE_STANDARD = "gnu++14";
				CLANG_CXX_LIBRARY = "libc++";
				CLANG_ENABLE_MODULES = YES;
				CLANG_ENABLE_OBJC_ARC = YES;
				CLANG_ENABLE_OBJC_WEAK = YES;
				CLANG_WARN_BLOCK_CAPTURE_AUTORELEASING = YES;
				CLANG_WARN_BOOL_CONVERSION = YES;
				CLANG_WARN_COMMA = YES;
				CLANG_WARN_CONSTANT_CONVERSION = YES;
				CLANG_WARN_DEPRECATED_OBJC_IMPLEMENTATIONS = YES;
				CLANG_WARN_DIRECT_OBJC_ISA_USAGE = YES_ERROR;
				CLANG_WARN_DOCUMENTATION_COMMENTS = YES;
				CLANG_WARN_EMPTY_BODY = YES;
				CLANG_WARN_ENUM_CONVERSION = YES;
				CLANG_WARN_INFINITE_RECURSION = YES;
				CLANG_WARN_INT_CONVERSION = YES;
				CLANG_WARN_NON_LITERAL_NULL_CONVERSION = YES;
				CLANG_WARN_OBJC_IMPLICIT_RETAIN_SELF = YES;
				CLANG_WARN_OBJC_LITERAL_CONVERSION = YES;
				CLANG_WARN_OBJC_ROOT_CLASS = YES_ERROR;
				CLANG_WARN_QUOTED_INCLUDE_IN_FRAMEWORK_HEADER = YES;
				CLANG_WARN_RANGE_LOOP_ANALYSIS = YES;
				CLANG_WARN_STRICT_PROTOTYPES = YES;
				CLANG_WARN_SUSPICIOUS_MOVE = YES;
				CLANG_WARN_UNGUARDED_AVAILABILITY = YES_AGGRESSIVE;
				CLANG_WARN_UNREACHABLE_CODE = YES;
				CLANG_WARN__DUPLICATE_METHOD_MATCH = YES;
				COPY_PHASE_STRIP = NO;
				DEBUG_INFORMATION_FORMAT = dwarf;
				ENABLE_STRICT_OBJC_MSGSEND = YES;
				ENABLE_TESTABILITY = YES;
				GCC_C_LANGUAGE_STANDARD = gnu11;
				GCC_DYNAMIC_NO_PIC = NO;
				GCC_NO_COMMON_BLOCKS = YES;
				GCC_OPTIMIZATION_LEVEL = 0;
				GCC_PREPROCESSOR_DEFINITIONS = (
					"DEBUG=1",
					"$(inherited)",
				);
				GCC_WARN_64_TO_32_BIT_CONVERSION = YES;
				GCC_WARN_ABOUT_RETURN_TYPE = YES_ERROR;
				GCC_WARN_UNDECLARED_SELECTOR = YES;
				GCC_WARN_UNINITIALIZED_AUTOS = YES_AGGRESSIVE;
				GCC_WARN_UNUSED_FUNCTION = YES;
				GCC_WARN_UNUSED_VARIABLE = YES;
				IPHONEOS_DEPLOYMENT_TARGET = 14.5;
				MTL_ENABLE_DEBUG_INFO = INCLUDE_SOURCE;
				MTL_FAST_MATH = YES;
				ONLY_ACTIVE_ARCH = YES;
				SDKROOT = iphoneos;
				SWIFT_ACTIVE_COMPILATION_CONDITIONS = DEBUG;
				SWIFT_OPTIMIZATION_LEVEL = "-Onone";
			};
			name = Debug;
		};
		8422FC14266B5817008C8D9B /* Release */ = {
			isa = XCBuildConfiguration;
			buildSettings = {
				ALWAYS_SEARCH_USER_PATHS = NO;
				CLANG_ANALYZER_NONNULL = YES;
				CLANG_ANALYZER_NUMBER_OBJECT_CONVERSION = YES_AGGRESSIVE;
				CLANG_CXX_LANGUAGE_STANDARD = "gnu++14";
				CLANG_CXX_LIBRARY = "libc++";
				CLANG_ENABLE_MODULES = YES;
				CLANG_ENABLE_OBJC_ARC = YES;
				CLANG_ENABLE_OBJC_WEAK = YES;
				CLANG_WARN_BLOCK_CAPTURE_AUTORELEASING = YES;
				CLANG_WARN_BOOL_CONVERSION = YES;
				CLANG_WARN_COMMA = YES;
				CLANG_WARN_CONSTANT_CONVERSION = YES;
				CLANG_WARN_DEPRECATED_OBJC_IMPLEMENTATIONS = YES;
				CLANG_WARN_DIRECT_OBJC_ISA_USAGE = YES_ERROR;
				CLANG_WARN_DOCUMENTATION_COMMENTS = YES;
				CLANG_WARN_EMPTY_BODY = YES;
				CLANG_WARN_ENUM_CONVERSION = YES;
				CLANG_WARN_INFINITE_RECURSION = YES;
				CLANG_WARN_INT_CONVERSION = YES;
				CLANG_WARN_NON_LITERAL_NULL_CONVERSION = YES;
				CLANG_WARN_OBJC_IMPLICIT_RETAIN_SELF = YES;
				CLANG_WARN_OBJC_LITERAL_CONVERSION = YES;
				CLANG_WARN_OBJC_ROOT_CLASS = YES_ERROR;
				CLANG_WARN_QUOTED_INCLUDE_IN_FRAMEWORK_HEADER = YES;
				CLANG_WARN_RANGE_LOOP_ANALYSIS = YES;
				CLANG_WARN_STRICT_PROTOTYPES = YES;
				CLANG_WARN_SUSPICIOUS_MOVE = YES;
				CLANG_WARN_UNGUARDED_AVAILABILITY = YES_AGGRESSIVE;
				CLANG_WARN_UNREACHABLE_CODE = YES;
				CLANG_WARN__DUPLICATE_METHOD_MATCH = YES;
				COPY_PHASE_STRIP = NO;
				DEBUG_INFORMATION_FORMAT = "dwarf-with-dsym";
				ENABLE_NS_ASSERTIONS = NO;
				ENABLE_STRICT_OBJC_MSGSEND = YES;
				GCC_C_LANGUAGE_STANDARD = gnu11;
				GCC_NO_COMMON_BLOCKS = YES;
				GCC_WARN_64_TO_32_BIT_CONVERSION = YES;
				GCC_WARN_ABOUT_RETURN_TYPE = YES_ERROR;
				GCC_WARN_UNDECLARED_SELECTOR = YES;
				GCC_WARN_UNINITIALIZED_AUTOS = YES_AGGRESSIVE;
				GCC_WARN_UNUSED_FUNCTION = YES;
				GCC_WARN_UNUSED_VARIABLE = YES;
				IPHONEOS_DEPLOYMENT_TARGET = 14.5;
				MTL_ENABLE_DEBUG_INFO = NO;
				MTL_FAST_MATH = YES;
				SDKROOT = iphoneos;
				SWIFT_COMPILATION_MODE = wholemodule;
				SWIFT_OPTIMIZATION_LEVEL = "-O";
				VALIDATE_PRODUCT = YES;
			};
			name = Release;
		};
		8422FC16266B5817008C8D9B /* Debug */ = {
			isa = XCBuildConfiguration;
			buildSettings = {
				ASSETCATALOG_COMPILER_APPICON_NAME = AppIcon;
				ASSETCATALOG_COMPILER_GLOBAL_ACCENT_COLOR_NAME = AccentColor;
				CODE_SIGN_STYLE = Automatic;
				DEVELOPMENT_ASSET_PATHS = "\"ToDoListApp/Preview Content\"";
				ENABLE_PREVIEWS = YES;
				INFOPLIST_FILE = ToDoListApp/Info.plist;
				IPHONEOS_DEPLOYMENT_TARGET = 14.0;
				LD_RUNPATH_SEARCH_PATHS = (
					"$(inherited)",
					"@executable_path/Frameworks",
				);
				PRODUCT_BUNDLE_IDENTIFIER = anuar.ToDoListApp;
				PRODUCT_NAME = "$(TARGET_NAME)";
				SWIFT_VERSION = 5.0;
				TARGETED_DEVICE_FAMILY = "1,2";
			};
			name = Debug;
		};
		8422FC17266B5817008C8D9B /* Release */ = {
			isa = XCBuildConfiguration;
			buildSettings = {
				ASSETCATALOG_COMPILER_APPICON_NAME = AppIcon;
				ASSETCATALOG_COMPILER_GLOBAL_ACCENT_COLOR_NAME = AccentColor;
				CODE_SIGN_STYLE = Automatic;
				DEVELOPMENT_ASSET_PATHS = "\"ToDoListApp/Preview Content\"";
				ENABLE_PREVIEWS = YES;
				INFOPLIST_FILE = ToDoListApp/Info.plist;
				IPHONEOS_DEPLOYMENT_TARGET = 14.0;
				LD_RUNPATH_SEARCH_PATHS = (
					"$(inherited)",
					"@executable_path/Frameworks",
				);
				PRODUCT_BUNDLE_IDENTIFIER = anuar.ToDoListApp;
				PRODUCT_NAME = "$(TARGET_NAME)";
				SWIFT_VERSION = 5.0;
				TARGETED_DEVICE_FAMILY = "1,2";
			};
			name = Release;
		};
		8422FC19266B5817008C8D9B /* Debug */ = {
			isa = XCBuildConfiguration;
			buildSettings = {
				ALWAYS_EMBED_SWIFT_STANDARD_LIBRARIES = YES;
				BUNDLE_LOADER = "$(TEST_HOST)";
				CODE_SIGN_STYLE = Automatic;
				INFOPLIST_FILE = ToDoListAppTests/Info.plist;
				IPHONEOS_DEPLOYMENT_TARGET = 14.0;
				LD_RUNPATH_SEARCH_PATHS = (
					"$(inherited)",
					"@executable_path/Frameworks",
					"@loader_path/Frameworks",
				);
				PRODUCT_BUNDLE_IDENTIFIER = anuar.ToDoListAppTests;
				PRODUCT_NAME = "$(TARGET_NAME)";
				SWIFT_VERSION = 5.0;
				TARGETED_DEVICE_FAMILY = "1,2";
				TEST_HOST = "$(BUILT_PRODUCTS_DIR)/ToDoListApp.app/ToDoListApp";
			};
			name = Debug;
		};
		8422FC1A266B5817008C8D9B /* Release */ = {
			isa = XCBuildConfiguration;
			buildSettings = {
				ALWAYS_EMBED_SWIFT_STANDARD_LIBRARIES = YES;
				BUNDLE_LOADER = "$(TEST_HOST)";
				CODE_SIGN_STYLE = Automatic;
				INFOPLIST_FILE = ToDoListAppTests/Info.plist;
				IPHONEOS_DEPLOYMENT_TARGET = 14.0;
				LD_RUNPATH_SEARCH_PATHS = (
					"$(inherited)",
					"@executable_path/Frameworks",
					"@loader_path/Frameworks",
				);
				PRODUCT_BUNDLE_IDENTIFIER = anuar.ToDoListAppTests;
				PRODUCT_NAME = "$(TARGET_NAME)";
				SWIFT_VERSION = 5.0;
				TARGETED_DEVICE_FAMILY = "1,2";
				TEST_HOST = "$(BUILT_PRODUCTS_DIR)/ToDoListApp.app/ToDoListApp";
			};
			name = Release;
		};
		8422FC1C266B5817008C8D9B /* Debug */ = {
			isa = XCBuildConfiguration;
			buildSettings = {
				ALWAYS_EMBED_SWIFT_STANDARD_LIBRARIES = YES;
				CODE_SIGN_STYLE = Automatic;
				INFOPLIST_FILE = ToDoListAppUITests/Info.plist;
				LD_RUNPATH_SEARCH_PATHS = (
					"$(inherited)",
					"@executable_path/Frameworks",
					"@loader_path/Frameworks",
				);
				PRODUCT_BUNDLE_IDENTIFIER = anuar.ToDoListAppUITests;
				PRODUCT_NAME = "$(TARGET_NAME)";
				SWIFT_VERSION = 5.0;
				TARGETED_DEVICE_FAMILY = "1,2";
				TEST_TARGET_NAME = ToDoListApp;
			};
			name = Debug;
		};
		8422FC1D266B5817008C8D9B /* Release */ = {
			isa = XCBuildConfiguration;
			buildSettings = {
				ALWAYS_EMBED_SWIFT_STANDARD_LIBRARIES = YES;
				CODE_SIGN_STYLE = Automatic;
				INFOPLIST_FILE = ToDoListAppUITests/Info.plist;
				LD_RUNPATH_SEARCH_PATHS = (
					"$(inherited)",
					"@executable_path/Frameworks",
					"@loader_path/Frameworks",
				);
				PRODUCT_BUNDLE_IDENTIFIER = anuar.ToDoListAppUITests;
				PRODUCT_NAME = "$(TARGET_NAME)";
				SWIFT_VERSION = 5.0;
				TARGETED_DEVICE_FAMILY = "1,2";
				TEST_TARGET_NAME = ToDoListApp;
			};
			name = Release;
		};
/* End XCBuildConfiguration section */

/* Begin XCConfigurationList section */
		8422FBEB266B5815008C8D9B /* Build configuration list for PBXProject "ToDoListApp" */ = {
			isa = XCConfigurationList;
			buildConfigurations = (
				8422FC13266B5817008C8D9B /* Debug */,
				8422FC14266B5817008C8D9B /* Release */,
			);
			defaultConfigurationIsVisible = 0;
			defaultConfigurationName = Release;
		};
		8422FC15266B5817008C8D9B /* Build configuration list for PBXNativeTarget "ToDoListApp" */ = {
			isa = XCConfigurationList;
			buildConfigurations = (
				8422FC16266B5817008C8D9B /* Debug */,
				8422FC17266B5817008C8D9B /* Release */,
			);
			defaultConfigurationIsVisible = 0;
			defaultConfigurationName = Release;
		};
		8422FC18266B5817008C8D9B /* Build configuration list for PBXNativeTarget "ToDoListAppTests" */ = {
			isa = XCConfigurationList;
			buildConfigurations = (
				8422FC19266B5817008C8D9B /* Debug */,
				8422FC1A266B5817008C8D9B /* Release */,
			);
			defaultConfigurationIsVisible = 0;
			defaultConfigurationName = Release;
		};
		8422FC1B266B5817008C8D9B /* Build configuration list for PBXNativeTarget "ToDoListAppUITests" */ = {
			isa = XCConfigurationList;
			buildConfigurations = (
				8422FC1C266B5817008C8D9B /* Debug */,
				8422FC1D266B5817008C8D9B /* Release */,
			);
			defaultConfigurationIsVisible = 0;
			defaultConfigurationName = Release;
		};
/* End XCConfigurationList section */
	};
	rootObject = 8422FBE8266B5815008C8D9B /* Project object */;
}
